
Microsoft Visual Studio Solution File, Format Version 12.00
# Visual Studio Version 17
VisualStudioVersion = 17.0.31903.59
MinimumVisualStudioVersion = 10.0.40219.1
Project("{FAE04EC0-301F-11D3-BF4B-00C04F79EFBC}") = "Cli", "Cli\Cli.csproj", "{3B2BDEE1-403A-4577-A014-456660EAC1AF}"
EndProject
Project("{FAE04EC0-301F-11D3-BF4B-00C04F79EFBC}") = "Compiler", "Compiler\Compiler.csproj", "{C6F6E73D-E1B0-4388-9AAC-9CB0021488DC}"
EndProject
Project("{FAE04EC0-301F-11D3-BF4B-00C04F79EFBC}") = "Tests", "Tests\Tests.csproj", "{6022BEBC-D9F5-4F71-A003-20EA824FAA34}"
EndProject
Global
	GlobalSection(SolutionConfigurationPlatforms) = preSolution
		Debug|Any CPU = Debug|Any CPU
		Release|Any CPU = Release|Any CPU
	EndGlobalSection
	GlobalSection(SolutionProperties) = preSolution
		HideSolutionNode = FALSE
	EndGlobalSection
	GlobalSection(ProjectConfigurationPlatforms) = postSolution
		{3B2BDEE1-403A-4577-A014-456660EAC1AF}.Debug|Any CPU.ActiveCfg = Debug|Any CPU
		{3B2BDEE1-403A-4577-A014-456660EAC1AF}.Debug|Any CPU.Build.0 = Debug|Any CPU
		{3B2BDEE1-403A-4577-A014-456660EAC1AF}.Release|Any CPU.ActiveCfg = Release|Any CPU
		{3B2BDEE1-403A-4577-A014-456660EAC1AF}.Release|Any CPU.Build.0 = Release|Any CPU
		{C6F6E73D-E1B0-4388-9AAC-9CB0021488DC}.Debug|Any CPU.ActiveCfg = Debug|Any CPU
		{C6F6E73D-E1B0-4388-9AAC-9CB0021488DC}.Debug|Any CPU.Build.0 = Debug|Any CPU
		{C6F6E73D-E1B0-4388-9AAC-9CB0021488DC}.Release|Any CPU.ActiveCfg = Release|Any CPU
		{C6F6E73D-E1B0-4388-9AAC-9CB0021488DC}.Release|Any CPU.Build.0 = Release|Any CPU
		{6022BEBC-D9F5-4F71-A003-20EA824FAA34}.Debug|Any CPU.ActiveCfg = Debug|Any CPU
		{6022BEBC-D9F5-4F71-A003-20EA824FAA34}.Debug|Any CPU.Build.0 = Debug|Any CPU
		{6022BEBC-D9F5-4F71-A003-20EA824FAA34}.Release|Any CPU.ActiveCfg = Release|Any CPU
		{6022BEBC-D9F5-4F71-A003-20EA824FAA34}.Release|Any CPU.Build.0 = Release|Any CPU
	EndGlobalSection
EndGlobal
